{
  "name": "mopidy-eboplayer2",
  "version": "0.0.1",
  "lockfileVersion": 3,
  "requires": true,
  "packages": {
    "": {
      "name": "mopidy-eboplayer2",
      "version": "0.0.1",
      "devDependencies": {
        "rolldown": "^1.0.0-beta.41"
      }
    },
    "node_modules/@oxc-project/types": {
      "version": "0.93.0",
      "dev": true,
      "license": "MIT",
      "funding": {
        "url": "https://github.com/sponsors/Boshen"
      }
    },
    "node_modules/@rolldown/binding-win32-x64-msvc": {
      "version": "1.0.0-beta.41",
      "cpu": [
        "x64"
      ],
      "dev": true,
      "license": "MIT",
      "optional": true,
      "os": [
        "win32"
      ],
      "engines": {
        "node": "^20.19.0 || >=22.12.0"
      }
    },
    "node_modules/@rolldown/pluginutils": {
      "version": "1.0.0-beta.41",
      "dev": true,
      "license": "MIT"
    },
    "node_modules/ansis": {
      "version": "4.2.0",
      "dev": true,
      "license": "ISC",
      "engines": {
        "node": ">=14"
      }
    },
    "node_modules/rolldown": {
      "version": "1.0.0-beta.41",
      "dev": true,
      "license": "MIT",
      "dependencies": {
        "@oxc-project/types": "=0.93.0",
        "@rolldown/pluginutils": "1.0.0-beta.41",
        "ansis": "=4.2.0"
      },
      "bin": {
        "rolldown": "bin/cli.mjs"
      },
      "engines": {
        "node": "^20.19.0 || >=22.12.0"
      },
      "optionalDependencies": {
        "@rolldown/binding-android-arm64": "1.0.0-beta.41",
        "@rolldown/binding-darwin-arm64": "1.0.0-beta.41",
        "@rolldown/binding-darwin-x64": "1.0.0-beta.41",
        "@rolldown/binding-freebsd-x64": "1.0.0-beta.41",
        "@rolldown/binding-linux-arm-gnueabihf": "1.0.0-beta.41",
        "@rolldown/binding-linux-arm64-gnu": "1.0.0-beta.41",
        "@rolldown/binding-linux-arm64-musl": "1.0.0-beta.41",
        "@rolldown/binding-linux-x64-gnu": "1.0.0-beta.41",
        "@rolldown/binding-linux-x64-musl": "1.0.0-beta.41",
        "@rolldown/binding-openharmony-arm64": "1.0.0-beta.41",
        "@rolldown/binding-wasm32-wasi": "1.0.0-beta.41",
        "@rolldown/binding-win32-arm64-msvc": "1.0.0-beta.41",
        "@rolldown/binding-win32-ia32-msvc": "1.0.0-beta.41",
        "@rolldown/binding-win32-x64-msvc": "1.0.0-beta.41"
      }
    }
  }
}
