{
  "name": "mopidy-eboplayer2",
  "version": "0.0.1",
  "lockfileVersion": 3,
  "requires": true,
  "packages": {
    "": {
      "name": "mopidy-eboplayer2",
      "version": "0.0.1",
      "devDependencies": {
        "@rolldown/plugin-node-polyfills": "^1.0.0",
        "@types/node": "^24.6.2",
        "@typescript/native-preview": "^7.0.0-dev.20251101.1",
        "rolldown": "^1.0.0-beta.41"
      }
    },
    "node_modules/@oxc-project/types": {
      "version": "0.93.0",
      "dev": true,
      "license": "MIT",
      "funding": {
        "url": "https://github.com/sponsors/Boshen"
      }
    },
    "node_modules/@rolldown/binding-win32-x64-msvc": {
      "version": "1.0.0-beta.41",
      "cpu": [
        "x64"
      ],
      "dev": true,
      "license": "MIT",
      "optional": true,
      "os": [
        "win32"
      ],
      "engines": {
        "node": "^20.19.0 || >=22.12.0"
      }
    },
    "node_modules/@rolldown/plugin-node-polyfills": {
      "version": "1.0.0",
      "dev": true,
      "license": "MIT"
    },
    "node_modules/@rolldown/pluginutils": {
      "version": "1.0.0-beta.41",
      "dev": true,
      "license": "MIT"
    },
    "node_modules/@types/node": {
      "version": "24.6.2",
      "dev": true,
      "license": "MIT",
      "dependencies": {
        "undici-types": "~7.13.0"
      }
    },
    "node_modules/@typescript/native-preview": {
      "version": "7.0.0-dev.20251101.1",
      "resolved": "https://registry.npmjs.org/@typescript/native-preview/-/native-preview-7.0.0-dev.20251101.1.tgz",
      "integrity": "sha512-cD+e/A0FrRNzZPzr9JjqafCYDXmP/PNOnLvWxqE/Z4ijEt0xB3xAYAzpRJoX6iY/BkqqMO9ryy8qS5eEqJ3zQw==",
      "dev": true,
      "license": "Apache-2.0",
      "bin": {
        "tsgo": "bin/tsgo.js"
      },
      "optionalDependencies": {
        "@typescript/native-preview-darwin-arm64": "7.0.0-dev.20251101.1",
        "@typescript/native-preview-darwin-x64": "7.0.0-dev.20251101.1",
        "@typescript/native-preview-linux-arm": "7.0.0-dev.20251101.1",
        "@typescript/native-preview-linux-arm64": "7.0.0-dev.20251101.1",
        "@typescript/native-preview-linux-x64": "7.0.0-dev.20251101.1",
        "@typescript/native-preview-win32-arm64": "7.0.0-dev.20251101.1",
        "@typescript/native-preview-win32-x64": "7.0.0-dev.20251101.1"
      }
    },
    "node_modules/@typescript/native-preview-darwin-arm64": {
      "version": "7.0.0-dev.20251101.1",
      "resolved": "https://registry.npmjs.org/@typescript/native-preview-darwin-arm64/-/native-preview-darwin-arm64-7.0.0-dev.20251101.1.tgz",
      "integrity": "sha512-WrJrwOw+R582bHcy8h4wroQv8jKHETEU/hbDCAIbszw5irQjTfo3CP694J6dPttFyUnDbMTaGgSQnwcy6jWk7Q==",
      "cpu": [
        "arm64"
      ],
      "dev": true,
      "license": "Apache-2.0",
      "optional": true,
      "os": [
        "darwin"
      ]
    },
    "node_modules/@typescript/native-preview-darwin-x64": {
      "version": "7.0.0-dev.20251101.1",
      "resolved": "https://registry.npmjs.org/@typescript/native-preview-darwin-x64/-/native-preview-darwin-x64-7.0.0-dev.20251101.1.tgz",
      "integrity": "sha512-PL879NNho9DMkCFae/yL1BFFr++XV8mAS6PP3V6HwYRgJ6voXr2w+qOVgNgArFvajx2OIyttjf0dASOmfMHslw==",
      "cpu": [
        "x64"
      ],
      "dev": true,
      "license": "Apache-2.0",
      "optional": true,
      "os": [
        "darwin"
      ]
    },
    "node_modules/@typescript/native-preview-linux-arm": {
      "version": "7.0.0-dev.20251101.1",
      "resolved": "https://registry.npmjs.org/@typescript/native-preview-linux-arm/-/native-preview-linux-arm-7.0.0-dev.20251101.1.tgz",
      "integrity": "sha512-dNg0flYCfArBRb1YcG9iWjVBc/sFQpcycvJup0uRlbs55fsuJsPo4EiK9WmSL64wRJ4ISYey4hexXyTFnUY4Qw==",
      "cpu": [
        "arm"
      ],
      "dev": true,
      "license": "Apache-2.0",
      "optional": true,
      "os": [
        "linux"
      ]
    },
    "node_modules/@typescript/native-preview-linux-arm64": {
      "version": "7.0.0-dev.20251101.1",
      "resolved": "https://registry.npmjs.org/@typescript/native-preview-linux-arm64/-/native-preview-linux-arm64-7.0.0-dev.20251101.1.tgz",
      "integrity": "sha512-D7gnH5+naJB30p7J3p40LXXkBuUmJrvRN5IrLndlURlP3qLHddUQJshf4XaE27T8tPqeyweIkEJerEOHey/ZMw==",
      "cpu": [
        "arm64"
      ],
      "dev": true,
      "license": "Apache-2.0",
      "optional": true,
      "os": [
        "linux"
      ]
    },
    "node_modules/@typescript/native-preview-linux-x64": {
      "version": "7.0.0-dev.20251101.1",
      "resolved": "https://registry.npmjs.org/@typescript/native-preview-linux-x64/-/native-preview-linux-x64-7.0.0-dev.20251101.1.tgz",
      "integrity": "sha512-ZZHm3mVj8/5ID8AesEUdRFLuLqi8YUD9GNkTEFRGBrhm83JqD4OEQEWzC5gJqYkNNbe9Eht6eWU6zzLh60Rddw==",
      "cpu": [
        "x64"
      ],
      "dev": true,
      "license": "Apache-2.0",
      "optional": true,
      "os": [
        "linux"
      ]
    },
    "node_modules/@typescript/native-preview-win32-arm64": {
      "version": "7.0.0-dev.20251101.1",
      "resolved": "https://registry.npmjs.org/@typescript/native-preview-win32-arm64/-/native-preview-win32-arm64-7.0.0-dev.20251101.1.tgz",
      "integrity": "sha512-lOhyl5GY7g/16rtiDA970rTzjOZnLMLpFTYfHR0sk3704LaDCKIQRgg1JEhkQgNioQ7seVwslls3HD6ATeJiVQ==",
      "cpu": [
        "arm64"
      ],
      "dev": true,
      "license": "Apache-2.0",
      "optional": true,
      "os": [
        "win32"
      ]
    },
    "node_modules/@typescript/native-preview-win32-x64": {
      "version": "7.0.0-dev.20251101.1",
      "resolved": "https://registry.npmjs.org/@typescript/native-preview-win32-x64/-/native-preview-win32-x64-7.0.0-dev.20251101.1.tgz",
      "integrity": "sha512-wHIxPsvlNA7SnVtcrMcijGEmQ8gLYm/lInk48zPC83JeMabX5yKif63kB2fQ/+Xi0GukMret8s1lZrHsw5tCog==",
      "cpu": [
        "x64"
      ],
      "dev": true,
      "license": "Apache-2.0",
      "optional": true,
      "os": [
        "win32"
      ]
    },
    "node_modules/ansis": {
      "version": "4.2.0",
      "dev": true,
      "license": "ISC",
      "engines": {
        "node": ">=14"
      }
    },
    "node_modules/rolldown": {
      "version": "1.0.0-beta.41",
      "dev": true,
      "license": "MIT",
      "dependencies": {
        "@oxc-project/types": "=0.93.0",
        "@rolldown/pluginutils": "1.0.0-beta.41",
        "ansis": "=4.2.0"
      },
      "bin": {
        "rolldown": "bin/cli.mjs"
      },
      "engines": {
        "node": "^20.19.0 || >=22.12.0"
      },
      "optionalDependencies": {
        "@rolldown/binding-android-arm64": "1.0.0-beta.41",
        "@rolldown/binding-darwin-arm64": "1.0.0-beta.41",
        "@rolldown/binding-darwin-x64": "1.0.0-beta.41",
        "@rolldown/binding-freebsd-x64": "1.0.0-beta.41",
        "@rolldown/binding-linux-arm-gnueabihf": "1.0.0-beta.41",
        "@rolldown/binding-linux-arm64-gnu": "1.0.0-beta.41",
        "@rolldown/binding-linux-arm64-musl": "1.0.0-beta.41",
        "@rolldown/binding-linux-x64-gnu": "1.0.0-beta.41",
        "@rolldown/binding-linux-x64-musl": "1.0.0-beta.41",
        "@rolldown/binding-openharmony-arm64": "1.0.0-beta.41",
        "@rolldown/binding-wasm32-wasi": "1.0.0-beta.41",
        "@rolldown/binding-win32-arm64-msvc": "1.0.0-beta.41",
        "@rolldown/binding-win32-ia32-msvc": "1.0.0-beta.41",
        "@rolldown/binding-win32-x64-msvc": "1.0.0-beta.41"
      }
    },
    "node_modules/undici-types": {
      "version": "7.13.0",
      "dev": true,
      "license": "MIT"
    }
  }
}
